github.com/cpuguy83/go-md2man/v2 v2.0.3/go.mod h1:tgQtvFlXSQOSOSIRvRPT7W67SCa46tRHOmNcaadrF8o=
github.com/giantswarm/microerror v0.4.1 h1:WMiD7HQASoUA9lZzPlPK+erCEOJ0uT4cyo18VfCXHD0=
github.com/giantswarm/microerror v0.4.1/go.mod h1:URFj0gFCmZihjya6saQCXxslBrgctXb4NsXYHB5JdrI=
github.com/giantswarm/micrologger v1.1.1 h1:gpu9uq1Vixey20Zo5pra5m/5EsmLrNlTwIgjBoc1jhE=
github.com/giantswarm/micrologger v1.1.1/go.mod h1:l84q1WCLdXtPimHoJlgYEAJ3lmLyWbPbHW1ZpV+wPaA=
github.com/go-kit/log v0.2.1 h1:MRVx0/zhvdseW+Gza6N9rVzU/IVzaeE1SFI4raAhmBU=
github.com/go-kit/log v0.2.1/go.mod h1:NwTd00d/i8cPZ3xOwwiv2PO5MOcx78fFErGNcVmBjv0=
github.com/go-logfmt/logfmt v0.5.1/go.mod h1:WYhtIu8zTZfxdn5+rREduYbwxfcBr/Vr6KEVveWlfTs=
github.com/go-logfmt/logfmt v0.6.0 h1:wGYYu3uicYdqXVgoYbvnkrPVXkuLM1p1ifugDMEdRi4=
github.com/go-logfmt/logfmt v0.6.0/go.mod h1:WYhtIu8zTZfxdn5+rREduYbwxfcBr/Vr6KEVveWlfTs=
github.com/go-logr/logr v1.3.0 h1:2y3SDp0ZXuc6/cjLSZ+Q3ir+QB9T/iG5yYRXqsagWSY=
github.com/go-logr/logr v1.3.0/go.mod h1:9T104GzyrTigFIr8wt5mBrctHMim0Nb2HLGrmQ40KvY=
github.com/go-stack/stack v1.8.1 h1:ntEHSVwIt7PNXNpgPmVfMrNhLtgjlmnZha2kOpuRiDw=
github.com/go-stack/stack v1.8.1/go.mod h1:dcoOX6HbPZSZptuspn9bctJ+N/CnF5gGygcUP3XYfe4=
github.com/google/go-cmp v0.6.0 h1:ofyhxvXcZhMsU5ulbFiLKl/XBFqE1GSq7atu8tAmTRI=
github.com/google/go-cmp v0.6.0/go.mod h1:17dUlkBOakJ0+DkrSSNjCkIjxS6bF9zb3elmeNGIjoY=
github.com/inconshreveable/mousetrap v1.1.0 h1:wN+x4NVGpMsO7ErUn/mUI3vEoE6Jt13X2s0bqwp9tc8=
github.com/inconshreveable/mousetrap v1.1.0/go.mod h1:vpF70FUmC8bwa3OWnCshd2FqLfsEA9PFc4w1p2J65bw=
github.com/marcelmue/svgo v0.0.2-0.20210516134257-3401397a4598 h1:7fZkwqRPr2jc7OQpHYTL2+cpckBFfaIZdQJBDILrheY=
github.com/marcelmue/svgo v0.0.2-0.20210516134257-3401397a4598/go.mod h1:Z7F7wusH5l8M3tKuIhS80XvtWC2XOJNKHxWMSfPQYO0=
github.com/russross/blackfriday/v2 v2.1.0/go.mod h1:+Rmxgy9KzJVeS9/2gXHxylqXiyQDYRxCVz55jmeOWTM=
github.com/spf13/cobra v1.8.0 h1:7aJaZx1B85qltLMc546zn58BxxfZdR/W22ej9CFoEf0=
github.com/spf13/cobra v1.8.0/go.mod h1:WXLWApfZ71AjXPya3WOlMsY9yMs7YeiHhFVlvLyhcho=
github.com/spf13/pflag v1.0.5 h1:iy+VFUOCP1a+8yFto/drg2CJ5u0yRoB7fZw3DKv/JXA=
github.com/spf13/pflag v1.0.5/go.mod h1:McXfInJRrz4CZXVZOBLb0bTZqETkiAhM9Iw0y3An2Bg=
gopkg.in/check.v1 v0.0.0-20161208181325-20d25e280405/go.mod h1:Co6ibVJAznAaIkqp8huTwlJQCZ016jof/cbN4VW5Yz0=
gopkg.in/yaml.v3 v3.0.1/go.mod h1:K4uyk7z7BCEPqu6E+C64Yfv1cQ7kz7rIZviUmN+EgEM=
